<?xml version="1.0" encoding="UTF-8"?>
<!DOCTYPE plist PUBLIC "-//Apple//DTD PLIST 1.0//EN" "http://www.apple.com/DTDs/PropertyList-1.0.dtd">
<plist version="1.0">
<dict>
	<key>archiveVersion</key>
	<string>1</string>
	<key>classes</key>
	<dict/>
	<key>objectVersion</key>
	<string>46</string>
	<key>objects</key>
	<dict>
		<key>8432F8C317AB1FA6005C5B9C</key>
		<dict>
			<key>children</key>
			<array>
				<string>8432F8D517AB1FA7005C5B9C</string>
				<string>8432F93317AB24E4005C5B9C</string>
				<string>8432F90A17AB2434005C5B9C</string>
				<string>8432F8CE17AB1FA7005C5B9C</string>
				<string>8432F8CD17AB1FA7005C5B9C</string>
			</array>
			<key>isa</key>
			<string>PBXGroup</string>
			<key>sourceTree</key>
			<string>&lt;group&gt;</string>
		</dict>
		<key>8432F8C417AB1FA6005C5B9C</key>
		<dict>
			<key>attributes</key>
			<dict>
				<key>CLASSPREFIX</key>
				<string>ABC</string>
				<key>LastUpgradeCheck</key>
				<string>0460</string>
				<key>ORGANIZATIONNAME</key>
				<string>Example.com</string>
			</dict>
			<key>buildConfigurationList</key>
			<string>8432F8C717AB1FA6005C5B9C</string>
			<key>compatibilityVersion</key>
			<string>Xcode 3.2</string>
			<key>developmentRegion</key>
			<string>English</string>
			<key>hasScannedForEncodings</key>
			<string>0</string>
			<key>isa</key>
			<string>PBXProject</string>
			<key>knownRegions</key>
			<array>
				<string>en</string>
			</array>
			<key>mainGroup</key>
			<string>8432F8C317AB1FA6005C5B9C</string>
			<key>productRefGroup</key>
			<string>8432F8CD17AB1FA7005C5B9C</string>
			<key>projectDirPath</key>
			<string></string>
			<key>projectReferences</key>
			<array>
				<dict>
					<key>ProductGroup</key>
					<string>8432F90C17AB2445005C5B9C</string>
					<key>ProjectRef</key>
					<string>8432F90B17AB2445005C5B9C</string>
				</dict>
				<dict>
					<key>ProductGroup</key>
					<string>84FFBD9F17AB3094009CDF31</string>
					<key>ProjectRef</key>
					<string>84FFBD9E17AB3094009CDF31</string>
				</dict>
				<dict>
					<key>ProductGroup</key>
					<string>84FFBDA417AB3095009CDF31</string>
					<key>ProjectRef</key>
					<string>84FFBDA317AB3095009CDF31</string>
				</dict>
			</array>
			<key>projectRoot</key>
			<string></string>
			<key>targets</key>
			<array>
				<string>8432F8CB17AB1FA7005C5B9C</string>
				<string>8432F92C17AB24E4005C5B9C</string>
			</array>
		</dict>
		<key>8432F8C717AB1FA6005C5B9C</key>
		<dict>
			<key>buildConfigurations</key>
			<array>
				<string>8432F8E717AB1FA7005C5B9C</string>
				<string>8432F8E817AB1FA7005C5B9C</string>
			</array>
			<key>defaultConfigurationIsVisible</key>
			<string>0</string>
			<key>defaultConfigurationName</key>
			<string>Release</string>
			<key>isa</key>
			<string>XCConfigurationList</string>
		</dict>
		<key>8432F8C817AB1FA7005C5B9C</key>
		<dict>
			<key>buildActionMask</key>
			<string>2147483647</string>
			<key>files</key>
			<array>
				<string>8432F8DC17AB1FA7005C5B9C</string>
				<string>8432F8E017AB1FA7005C5B9C</string>
			</array>
			<key>isa</key>
			<string>PBXSourcesBuildPhase</string>
			<key>runOnlyForDeploymentPostprocessing</key>
			<string>0</string>
		</dict>
		<key>8432F8C917AB1FA7005C5B9C</key>
		<dict>
			<key>buildActionMask</key>
			<string>2147483647</string>
			<key>files</key>
			<array>
				<string>8432F8D017AB1FA7005C5B9C</string>
				<string>8432F8D217AB1FA7005C5B9C</string>
				<string>8432F8D417AB1FA7005C5B9C</string>
			</array>
			<key>isa</key>
			<string>PBXFrameworksBuildPhase</string>
			<key>runOnlyForDeploymentPostprocessing</key>
			<string>0</string>
		</dict>
		<key>8432F8CA17AB1FA7005C5B9C</key>
		<dict>
			<key>buildActionMask</key>
			<string>2147483647</string>
			<key>files</key>
			<array>
				<string>8432F8DA17AB1FA7005C5B9C</string>
				<string>8432F8E217AB1FA7005C5B9C</string>
				<string>8432F8E417AB1FA7005C5B9C</string>
				<string>8432F8E617AB1FA7005C5B9C</string>
			</array>
			<key>isa</key>
			<string>PBXResourcesBuildPhase</string>
			<key>runOnlyForDeploymentPostprocessing</key>
			<string>0</string>
		</dict>
		<key>8432F8CB17AB1FA7005C5B9C</key>
		<dict>
			<key>buildConfigurationList</key>
			<string>8432F8E917AB1FA7005C5B9C</string>
			<key>buildPhases</key>
			<array>
				<string>8432F8C817AB1FA7005C5B9C</string>
				<string>8432F8C917AB1FA7005C5B9C</string>
				<string>8432F8CA17AB1FA7005C5B9C</string>
			</array>
			<key>buildRules</key>
			<array/>
			<key>dependencies</key>
			<array>
				<string>84FFBDE517AB3105009CDF31</string>
				<string>84FFBDE717AB3105009CDF31</string>
			</array>
			<key>isa</key>
			<string>PBXNativeTarget</string>
			<key>name</key>
			<string>App</string>
			<key>productName</key>
			<string>Bootstrap</string>
			<key>productReference</key>
			<string>8432F8CC17AB1FA7005C5B9C</string>
			<key>productType</key>
			<string>com.apple.product-type.application</string>
		</dict>
		<key>8432F8CC17AB1FA7005C5B9C</key>
		<dict>
			<key>explicitFileType</key>
			<string>wrapper.application</string>
			<key>includeInIndex</key>
			<string>0</string>
			<key>isa</key>
			<string>PBXFileReference</string>
			<key>path</key>
			<string>App.app</string>
			<key>sourceTree</key>
			<string>BUILT_PRODUCTS_DIR</string>
		</dict>
		<key>8432F8CD17AB1FA7005C5B9C</key>
		<dict>
			<key>children</key>
			<array>
				<string>8432F8CC17AB1FA7005C5B9C</string>
				<string>8432F92D17AB24E4005C5B9C</string>
			</array>
			<key>isa</key>
			<string>PBXGroup</string>
			<key>name</key>
			<string>Products</string>
			<key>sourceTree</key>
			<string>&lt;group&gt;</string>
		</dict>
		<key>8432F8CE17AB1FA7005C5B9C</key>
		<dict>
			<key>children</key>
			<array>
				<string>8432F8CF17AB1FA7005C5B9C</string>
				<string>8432F8D117AB1FA7005C5B9C</string>
				<string>8432F8D317AB1FA7005C5B9C</string>
				<string>8432F92E17AB24E4005C5B9C</string>
			</array>
			<key>isa</key>
			<string>PBXGroup</string>
			<key>name</key>
			<string>Frameworks</string>
			<key>sourceTree</key>
			<string>&lt;group&gt;</string>
		</dict>
		<key>8432F8CF17AB1FA7005C5B9C</key>
		<dict>
			<key>isa</key>
			<string>PBXFileReference</string>
			<key>lastKnownFileType</key>
			<string>wrapper.framework</string>
			<key>name</key>
			<string>UIKit.framework</string>
			<key>path</key>
			<string>System/Library/Frameworks/UIKit.framework</string>
			<key>sourceTree</key>
			<string>SDKROOT</string>
		</dict>
		<key>8432F8D017AB1FA7005C5B9C</key>
		<dict>
			<key>fileRef</key>
			<string>8432F8CF17AB1FA7005C5B9C</string>
			<key>isa</key>
			<string>PBXBuildFile</string>
		</dict>
		<key>8432F8D117AB1FA7005C5B9C</key>
		<dict>
			<key>isa</key>
			<string>PBXFileReference</string>
			<key>lastKnownFileType</key>
			<string>wrapper.framework</string>
			<key>name</key>
			<string>Foundation.framework</string>
			<key>path</key>
			<string>System/Library/Frameworks/Foundation.framework</string>
			<key>sourceTree</key>
			<string>SDKROOT</string>
		</dict>
		<key>8432F8D217AB1FA7005C5B9C</key>
		<dict>
			<key>fileRef</key>
			<string>8432F8D117AB1FA7005C5B9C</string>
			<key>isa</key>
			<string>PBXBuildFile</string>
		</dict>
		<key>8432F8D317AB1FA7005C5B9C</key>
		<dict>
			<key>isa</key>
			<string>PBXFileReference</string>
			<key>lastKnownFileType</key>
			<string>wrapper.framework</string>
			<key>name</key>
			<string>CoreGraphics.framework</string>
			<key>path</key>
			<string>System/Library/Frameworks/CoreGraphics.framework</string>
			<key>sourceTree</key>
			<string>SDKROOT</string>
		</dict>
		<key>8432F8D417AB1FA7005C5B9C</key>
		<dict>
			<key>fileRef</key>
			<string>8432F8D317AB1FA7005C5B9C</string>
			<key>isa</key>
			<string>PBXBuildFile</string>
		</dict>
		<key>8432F8D517AB1FA7005C5B9C</key>
		<dict>
			<key>children</key>
			<array>
				<string>8432F8D617AB1FA7005C5B9C</string>
				<string>8432F8DE17AB1FA7005C5B9C</string>
				<string>8432F8DF17AB1FA7005C5B9C</string>
			</array>
			<key>isa</key>
			<string>PBXGroup</string>
			<key>path</key>
			<string>App</string>
			<key>sourceTree</key>
			<string>&lt;group&gt;</string>
		</dict>
		<key>8432F8D617AB1FA7005C5B9C</key>
		<dict>
			<key>children</key>
			<array>
				<string>8432F8D717AB1FA7005C5B9C</string>
				<string>8432F8D817AB1FA7005C5B9C</string>
				<string>8432F8DB17AB1FA7005C5B9C</string>
				<string>8432F8DD17AB1FA7005C5B9C</string>
				<string>8432F8E117AB1FA7005C5B9C</string>
				<string>8432F8E317AB1FA7005C5B9C</string>
				<string>8432F8E517AB1FA7005C5B9C</string>
			</array>
			<key>isa</key>
			<string>PBXGroup</string>
			<key>path</key>
			<string>Supporting Files</string>
			<key>sourceTree</key>
			<string>&lt;group&gt;</string>
		</dict>
		<key>8432F8D717AB1FA7005C5B9C</key>
		<dict>
			<key>isa</key>
			<string>PBXFileReference</string>
			<key>lastKnownFileType</key>
			<string>text.plist.xml</string>
			<key>path</key>
			<string>Bootstrap-Info.plist</string>
			<key>sourceTree</key>
			<string>&lt;group&gt;</string>
		</dict>
		<key>8432F8D817AB1FA7005C5B9C</key>
		<dict>
			<key>children</key>
			<array>
				<string>8432F8D917AB1FA7005C5B9C</string>
			</array>
			<key>isa</key>
			<string>PBXVariantGroup</string>
			<key>name</key>
			<string>InfoPlist.strings</string>
			<key>sourceTree</key>
			<string>&lt;group&gt;</string>
		</dict>
		<key>8432F8D917AB1FA7005C5B9C</key>
		<dict>
			<key>isa</key>
			<string>PBXFileReference</string>
			<key>lastKnownFileType</key>
			<string>text.plist.strings</string>
			<key>name</key>
			<string>en</string>
			<key>path</key>
			<string>en.lproj/InfoPlist.strings</string>
			<key>sourceTree</key>
			<string>&lt;group&gt;</string>
		</dict>
		<key>8432F8DA17AB1FA7005C5B9C</key>
		<dict>
			<key>fileRef</key>
			<string>8432F8D817AB1FA7005C5B9C</string>
			<key>isa</key>
			<string>PBXBuildFile</string>
		</dict>
		<key>8432F8DB17AB1FA7005C5B9C</key>
		<dict>
			<key>isa</key>
			<string>PBXFileReference</string>
			<key>lastKnownFileType</key>
			<string>sourcecode.c.objc</string>
			<key>path</key>
			<string>main.m</string>
			<key>sourceTree</key>
			<string>&lt;group&gt;</string>
		</dict>
		<key>8432F8DC17AB1FA7005C5B9C</key>
		<dict>
			<key>fileRef</key>
			<string>8432F8DB17AB1FA7005C5B9C</string>
			<key>isa</key>
			<string>PBXBuildFile</string>
		</dict>
		<key>8432F8DD17AB1FA7005C5B9C</key>
		<dict>
			<key>isa</key>
			<string>PBXFileReference</string>
			<key>lastKnownFileType</key>
			<string>sourcecode.c.h</string>
			<key>path</key>
			<string>Bootstrap-Prefix.pch</string>
			<key>sourceTree</key>
			<string>&lt;group&gt;</string>
		</dict>
		<key>8432F8DE17AB1FA7005C5B9C</key>
		<dict>
			<key>isa</key>
			<string>PBXFileReference</string>
			<key>lastKnownFileType</key>
			<string>sourcecode.c.h</string>
			<key>path</key>
			<string>ABCAppDelegate.h</string>
			<key>sourceTree</key>
			<string>&lt;group&gt;</string>
		</dict>
		<key>8432F8DF17AB1FA7005C5B9C</key>
		<dict>
			<key>isa</key>
			<string>PBXFileReference</string>
			<key>lastKnownFileType</key>
			<string>sourcecode.c.objc</string>
			<key>path</key>
			<string>ABCAppDelegate.m</string>
			<key>sourceTree</key>
			<string>&lt;group&gt;</string>
		</dict>
		<key>8432F8E017AB1FA7005C5B9C</key>
		<dict>
			<key>fileRef</key>
			<string>8432F8DF17AB1FA7005C5B9C</string>
			<key>isa</key>
			<string>PBXBuildFile</string>
		</dict>
		<key>8432F8E117AB1FA7005C5B9C</key>
		<dict>
			<key>isa</key>
			<string>PBXFileReference</string>
			<key>lastKnownFileType</key>
			<string>image.png</string>
			<key>path</key>
			<string>Default.png</string>
			<key>sourceTree</key>
			<string>&lt;group&gt;</string>
		</dict>
		<key>8432F8E217AB1FA7005C5B9C</key>
		<dict>
			<key>fileRef</key>
			<string>8432F8E117AB1FA7005C5B9C</string>
			<key>isa</key>
			<string>PBXBuildFile</string>
		</dict>
		<key>8432F8E317AB1FA7005C5B9C</key>
		<dict>
			<key>isa</key>
			<string>PBXFileReference</string>
			<key>lastKnownFileType</key>
			<string>image.png</string>
			<key>path</key>
			<string>Default@2x.png</string>
			<key>sourceTree</key>
			<string>&lt;group&gt;</string>
		</dict>
		<key>8432F8E417AB1FA7005C5B9C</key>
		<dict>
			<key>fileRef</key>
			<string>8432F8E317AB1FA7005C5B9C</string>
			<key>isa</key>
			<string>PBXBuildFile</string>
		</dict>
		<key>8432F8E517AB1FA7005C5B9C</key>
		<dict>
			<key>isa</key>
			<string>PBXFileReference</string>
			<key>lastKnownFileType</key>
			<string>image.png</string>
			<key>path</key>
			<string>Default-568h@2x.png</string>
			<key>sourceTree</key>
			<string>&lt;group&gt;</string>
		</dict>
		<key>8432F8E617AB1FA7005C5B9C</key>
		<dict>
			<key>fileRef</key>
			<string>8432F8E517AB1FA7005C5B9C</string>
			<key>isa</key>
			<string>PBXBuildFile</string>
		</dict>
		<key>8432F8E717AB1FA7005C5B9C</key>
		<dict>
			<key>buildSettings</key>
			<dict>
				<key>ALWAYS_SEARCH_USER_PATHS</key>
				<string>NO</string>
				<key>CLANG_CXX_LANGUAGE_STANDARD</key>
				<string>gnu++0x</string>
				<key>CLANG_CXX_LIBRARY</key>
				<string>libc++</string>
				<key>CLANG_ENABLE_OBJC_ARC</key>
				<string>YES</string>
				<key>CLANG_WARN_CONSTANT_CONVERSION</key>
				<string>YES</string>
				<key>CLANG_WARN_EMPTY_BODY</key>
				<string>YES</string>
				<key>CLANG_WARN_ENUM_CONVERSION</key>
				<string>YES</string>
				<key>CLANG_WARN_INT_CONVERSION</key>
				<string>YES</string>
				<key>CLANG_WARN__DUPLICATE_METHOD_MATCH</key>
				<string>YES</string>
				<key>CODE_SIGN_IDENTITY[sdk=iphoneos*]</key>
				<string>iPhone Developer</string>
				<key>COPY_PHASE_STRIP</key>
				<string>NO</string>
				<key>GCC_C_LANGUAGE_STANDARD</key>
				<string>gnu99</string>
				<key>GCC_DYNAMIC_NO_PIC</key>
				<string>NO</string>
				<key>GCC_OPTIMIZATION_LEVEL</key>
				<string>0</string>
				<key>GCC_PREPROCESSOR_DEFINITIONS</key>
				<array>
					<string>DEBUG=1</string>
					<string>$(inherited)</string>
				</array>
				<key>GCC_SYMBOLS_PRIVATE_EXTERN</key>
				<string>NO</string>
				<key>GCC_WARN_ABOUT_RETURN_TYPE</key>
				<string>YES</string>
				<key>GCC_WARN_UNINITIALIZED_AUTOS</key>
				<string>YES</string>
				<key>GCC_WARN_UNUSED_VARIABLE</key>
				<string>YES</string>
				<key>IPHONEOS_DEPLOYMENT_TARGET</key>
				<string>6.1</string>
				<key>ONLY_ACTIVE_ARCH</key>
				<string>YES</string>
				<key>SDKROOT</key>
				<string>iphoneos</string>
			</dict>
			<key>isa</key>
			<string>XCBuildConfiguration</string>
			<key>name</key>
			<string>Debug</string>
		</dict>
		<key>8432F8E817AB1FA7005C5B9C</key>
		<dict>
			<key>buildSettings</key>
			<dict>
				<key>ALWAYS_SEARCH_USER_PATHS</key>
				<string>NO</string>
				<key>CLANG_CXX_LANGUAGE_STANDARD</key>
				<string>gnu++0x</string>
				<key>CLANG_CXX_LIBRARY</key>
				<string>libc++</string>
				<key>CLANG_ENABLE_OBJC_ARC</key>
				<string>YES</string>
				<key>CLANG_WARN_CONSTANT_CONVERSION</key>
				<string>YES</string>
				<key>CLANG_WARN_EMPTY_BODY</key>
				<string>YES</string>
				<key>CLANG_WARN_ENUM_CONVERSION</key>
				<string>YES</string>
				<key>CLANG_WARN_INT_CONVERSION</key>
				<string>YES</string>
				<key>CLANG_WARN__DUPLICATE_METHOD_MATCH</key>
				<string>YES</string>
				<key>CODE_SIGN_IDENTITY[sdk=iphoneos*]</key>
				<string>iPhone Developer</string>
				<key>COPY_PHASE_STRIP</key>
				<string>YES</string>
				<key>GCC_C_LANGUAGE_STANDARD</key>
				<string>gnu99</string>
				<key>GCC_WARN_ABOUT_RETURN_TYPE</key>
				<string>YES</string>
				<key>GCC_WARN_UNINITIALIZED_AUTOS</key>
				<string>YES</string>
				<key>GCC_WARN_UNUSED_VARIABLE</key>
				<string>YES</string>
				<key>IPHONEOS_DEPLOYMENT_TARGET</key>
				<string>6.1</string>
				<key>OTHER_CFLAGS</key>
				<string>-DNS_BLOCK_ASSERTIONS=1</string>
				<key>SDKROOT</key>
				<string>iphoneos</string>
				<key>VALIDATE_PRODUCT</key>
				<string>YES</string>
			</dict>
			<key>isa</key>
			<string>XCBuildConfiguration</string>
			<key>name</key>
			<string>Release</string>
		</dict>
		<key>8432F8E917AB1FA7005C5B9C</key>
		<dict>
			<key>buildConfigurations</key>
			<array>
				<string>8432F8EA17AB1FA7005C5B9C</string>
				<string>8432F8EB17AB1FA7005C5B9C</string>
			</array>
			<key>defaultConfigurationIsVisible</key>
			<string>0</string>
			<key>defaultConfigurationName</key>
			<string>Release</string>
			<key>isa</key>
			<string>XCConfigurationList</string>
		</dict>
		<key>8432F8EA17AB1FA7005C5B9C</key>
		<dict>
			<key>buildSettings</key>
			<dict>
				<key>GCC_PRECOMPILE_PREFIX_HEADER</key>
				<string>YES</string>
				<key>GCC_PREFIX_HEADER</key>
				<string>App/Supporting Files/Bootstrap-Prefix.pch</string>
				<key>INFOPLIST_FILE</key>
				<string>$(SRCROOT)/App/Supporting Files/Bootstrap-Info.plist</string>
				<key>LIBRARY_SEARCH_PATHS</key>
				<array>
					<string>$(inherited)</string>
					<string>$(FRANK_LIBRARY_SEARCH_PATHS)</string>
				</array>
				<key>OTHER_LDFLAGS</key>
				<array>
					<string>$(inherited)</string>
					<string>$(FRANK_LDFLAGS)</string>
				</array>
				<key>PRODUCT_NAME</key>
				<string>$(TARGET_NAME)</string>
				<key>WRAPPER_EXTENSION</key>
				<string>app</string>
			</dict>
			<key>isa</key>
			<string>XCBuildConfiguration</string>
			<key>name</key>
			<string>Debug</string>
		</dict>
		<key>8432F8EB17AB1FA7005C5B9C</key>
		<dict>
			<key>buildSettings</key>
			<dict>
				<key>GCC_PRECOMPILE_PREFIX_HEADER</key>
				<string>YES</string>
				<key>GCC_PREFIX_HEADER</key>
				<string>App/Supporting Files/Bootstrap-Prefix.pch</string>
				<key>INFOPLIST_FILE</key>
				<string>$(SRCROOT)/App/Supporting Files/Bootstrap-Info.plist</string>
				<key>PRODUCT_NAME</key>
				<string>$(TARGET_NAME)</string>
				<key>WRAPPER_EXTENSION</key>
				<string>app</string>
			</dict>
			<key>isa</key>
			<string>XCBuildConfiguration</string>
			<key>name</key>
			<string>Release</string>
		</dict>
		<key>8432F90A17AB2434005C5B9C</key>
		<dict>
			<key>children</key>
			<array>
				<string>8432F90B17AB2445005C5B9C</string>
				<string>84FFBD9E17AB3094009CDF31</string>
				<string>84FFBDA317AB3095009CDF31</string>
			</array>
			<key>isa</key>
			<string>PBXGroup</string>
			<key>path</key>
			<string>Externals</string>
			<key>sourceTree</key>
			<string>&lt;group&gt;</string>
		</dict>
		<key>8432F90B17AB2445005C5B9C</key>
		<dict>
			<key>isa</key>
			<string>PBXFileReference</string>
			<key>lastKnownFileType</key>
			<string>wrapper.pb-project</string>
			<key>name</key>
			<string>Cedar.xcodeproj</string>
			<key>path</key>
			<string>cedar/Cedar.xcodeproj</string>
			<key>sourceTree</key>
			<string>&lt;group&gt;</string>
		</dict>
		<key>8432F90C17AB2445005C5B9C</key>
		<dict>
			<key>children</key>
			<array>
				<string>8432F91817AB2446005C5B9C</string>
				<string>8432F91A17AB2446005C5B9C</string>
				<string>8432F91C17AB2446005C5B9C</string>
				<string>8432F91E17AB2446005C5B9C</string>
				<string>8432F92017AB2446005C5B9C</string>
				<string>8432F92217AB2446005C5B9C</string>
				<string>8432F92417AB2446005C5B9C</string>
				<string>8432F92617AB2446005C5B9C</string>
			</array>
			<key>isa</key>
			<string>PBXGroup</string>
			<key>name</key>
			<string>Products</string>
			<key>sourceTree</key>
			<string>&lt;group&gt;</string>
		</dict>
		<key>8432F91717AB2446005C5B9C</key>
		<dict>
			<key>containerPortal</key>
			<string>8432F90B17AB2445005C5B9C</string>
			<key>isa</key>
			<string>PBXContainerItemProxy</string>
			<key>proxyType</key>
			<string>2</string>
			<key>remoteGlobalIDString</key>
			<string>AEEE1FB611DC271300029872</string>
			<key>remoteInfo</key>
			<string>Cedar</string>
		</dict>
		<key>8432F91817AB2446005C5B9C</key>
		<dict>
			<key>fileType</key>
			<string>wrapper.framework</string>
			<key>isa</key>
			<string>PBXReferenceProxy</string>
			<key>path</key>
			<string>Cedar.framework</string>
			<key>remoteRef</key>
			<string>8432F91717AB2446005C5B9C</string>
			<key>sourceTree</key>
			<string>BUILT_PRODUCTS_DIR</string>
		</dict>
		<key>8432F91917AB2446005C5B9C</key>
		<dict>
			<key>containerPortal</key>
			<string>8432F90B17AB2445005C5B9C</string>
			<key>isa</key>
			<string>PBXContainerItemProxy</string>
			<key>proxyType</key>
			<string>2</string>
			<key>remoteGlobalIDString</key>
			<string>AEEE218611DC28E200029872</string>
			<key>remoteInfo</key>
			<string>Specs</string>
		</dict>
		<key>8432F91A17AB2446005C5B9C</key>
		<dict>
			<key>fileType</key>
			<string>compiled.mach-o.executable</string>
			<key>isa</key>
			<string>PBXReferenceProxy</string>
			<key>path</key>
			<string>Specs</string>
			<key>remoteRef</key>
			<string>8432F91917AB2446005C5B9C</string>
			<key>sourceTree</key>
			<string>BUILT_PRODUCTS_DIR</string>
		</dict>
		<key>8432F91B17AB2446005C5B9C</key>
		<dict>
			<key>containerPortal</key>
			<string>8432F90B17AB2445005C5B9C</string>
			<key>isa</key>
			<string>PBXContainerItemProxy</string>
			<key>proxyType</key>
			<string>2</string>
			<key>remoteGlobalIDString</key>
			<string>96A07F0813F276640021974D</string>
			<key>remoteInfo</key>
			<string>FocusedSpecs</string>
		</dict>
		<key>8432F91C17AB2446005C5B9C</key>
		<dict>
			<key>fileType</key>
			<string>compiled.mach-o.executable</string>
			<key>isa</key>
			<string>PBXReferenceProxy</string>
			<key>path</key>
			<string>FocusedSpecs</string>
			<key>remoteRef</key>
			<string>8432F91B17AB2446005C5B9C</string>
			<key>sourceTree</key>
			<string>BUILT_PRODUCTS_DIR</string>
		</dict>
		<key>8432F91D17AB2446005C5B9C</key>
		<dict>
			<key>containerPortal</key>
			<string>8432F90B17AB2445005C5B9C</string>
			<key>isa</key>
			<string>PBXContainerItemProxy</string>
			<key>proxyType</key>
			<string>2</string>
			<key>remoteGlobalIDString</key>
			<string>AEEE222911DC2B0600029872</string>
			<key>remoteInfo</key>
			<string>Cedar-StaticLib</string>
		</dict>
		<key>8432F91E17AB2446005C5B9C</key>
		<dict>
			<key>fileType</key>
			<string>archive.ar</string>
			<key>isa</key>
			<string>PBXReferenceProxy</string>
			<key>path</key>
			<string>libCedar-StaticLib.a</string>
			<key>remoteRef</key>
			<string>8432F91D17AB2446005C5B9C</string>
			<key>sourceTree</key>
			<string>BUILT_PRODUCTS_DIR</string>
		</dict>
		<key>8432F91F17AB2446005C5B9C</key>
		<dict>
			<key>containerPortal</key>
			<string>8432F90B17AB2445005C5B9C</string>
			<key>isa</key>
			<string>PBXContainerItemProxy</string>
			<key>proxyType</key>
			<string>2</string>
			<key>remoteGlobalIDString</key>
			<string>AEEE227611DC2CF900029872</string>
			<key>remoteInfo</key>
			<string>iOSSpecs</string>
		</dict>
		<key>8432F92017AB2446005C5B9C</key>
		<dict>
			<key>fileType</key>
			<string>wrapper.application</string>
			<key>isa</key>
			<string>PBXReferenceProxy</string>
			<key>path</key>
			<string>iOSSpecs.app</string>
			<key>remoteRef</key>
			<string>8432F91F17AB2446005C5B9C</string>
			<key>sourceTree</key>
			<string>BUILT_PRODUCTS_DIR</string>
		</dict>
		<key>8432F92117AB2446005C5B9C</key>
		<dict>
			<key>containerPortal</key>
			<string>8432F90B17AB2445005C5B9C</string>
			<key>isa</key>
			<string>PBXContainerItemProxy</string>
			<key>proxyType</key>
			<string>2</string>
			<key>remoteGlobalIDString</key>
			<string>96B5F9F6144A81A7000A6A5D</string>
			<key>remoteInfo</key>
			<string>OCUnitApp</string>
		</dict>
		<key>8432F92217AB2446005C5B9C</key>
		<dict>
			<key>fileType</key>
			<string>wrapper.application</string>
			<key>isa</key>
			<string>PBXReferenceProxy</string>
			<key>path</key>
			<string>OCUnitApp.app</string>
			<key>remoteRef</key>
			<string>8432F92117AB2446005C5B9C</string>
			<key>sourceTree</key>
			<string>BUILT_PRODUCTS_DIR</string>
		</dict>
		<key>8432F92317AB2446005C5B9C</key>
		<dict>
			<key>containerPortal</key>
			<string>8432F90B17AB2445005C5B9C</string>
			<key>isa</key>
			<string>PBXContainerItemProxy</string>
			<key>proxyType</key>
			<string>2</string>
			<key>remoteGlobalIDString</key>
			<string>96B5FA11144A81A8000A6A5D</string>
			<key>remoteInfo</key>
			<string>OCUnitAppTests</string>
		</dict>
		<key>8432F92417AB2446005C5B9C</key>
		<dict>
			<key>fileType</key>
			<string>wrapper.cfbundle</string>
			<key>isa</key>
			<string>PBXReferenceProxy</string>
			<key>path</key>
			<string>OCUnitAppTests.octest</string>
			<key>remoteRef</key>
			<string>8432F92317AB2446005C5B9C</string>
			<key>sourceTree</key>
			<string>BUILT_PRODUCTS_DIR</string>
		</dict>
		<key>8432F92517AB2446005C5B9C</key>
		<dict>
			<key>containerPortal</key>
			<string>8432F90B17AB2445005C5B9C</string>
			<key>isa</key>
			<string>PBXContainerItemProxy</string>
			<key>proxyType</key>
			<string>2</string>
			<key>remoteGlobalIDString</key>
			<string>96158A86144A915E005895CE</string>
			<key>remoteInfo</key>
			<string>OCUnitAppLogicTests</string>
		</dict>
		<key>8432F92617AB2446005C5B9C</key>
		<dict>
			<key>fileType</key>
			<string>wrapper.cfbundle</string>
			<key>isa</key>
			<string>PBXReferenceProxy</string>
			<key>path</key>
			<string>OCUnitAppLogicTests.octest</string>
			<key>remoteRef</key>
			<string>8432F92517AB2446005C5B9C</string>
			<key>sourceTree</key>
			<string>BUILT_PRODUCTS_DIR</string>
		</dict>
		<key>8432F92817AB24E4005C5B9C</key>
		<dict>
			<key>buildActionMask</key>
			<string>2147483647</string>
			<key>files</key>
			<array>
				<string>8432F93A17AB24E4005C5B9C</string>
			</array>
			<key>isa</key>
			<string>PBXSourcesBuildPhase</string>
			<key>runOnlyForDeploymentPostprocessing</key>
			<string>0</string>
		</dict>
		<key>8432F92917AB24E4005C5B9C</key>
		<dict>
			<key>buildActionMask</key>
			<string>2147483647</string>
			<key>files</key>
			<array>
				<string>84FFBDD117AB30A5009CDF31</string>
				<string>84FFBDD217AB30A5009CDF31</string>
				<string>8432F95417AB2C93005C5B9C</string>
				<string>8432F92F17AB24E4005C5B9C</string>
				<string>8432F93017AB24E4005C5B9C</string>
				<string>8432F93117AB24E4005C5B9C</string>
				<string>8432F93217AB24E4005C5B9C</string>
			</array>
			<key>isa</key>
			<string>PBXFrameworksBuildPhase</string>
			<key>runOnlyForDeploymentPostprocessing</key>
			<string>0</string>
		</dict>
		<key>8432F92A17AB24E4005C5B9C</key>
		<dict>
			<key>buildActionMask</key>
			<string>2147483647</string>
			<key>files</key>
			<array>
				<string>8432F93817AB24E4005C5B9C</string>
			</array>
			<key>isa</key>
			<string>PBXResourcesBuildPhase</string>
			<key>runOnlyForDeploymentPostprocessing</key>
			<string>0</string>
		</dict>
		<key>8432F92B17AB24E4005C5B9C</key>
		<dict>
			<key>buildActionMask</key>
			<string>2147483647</string>
			<key>files</key>
			<array/>
			<key>inputPaths</key>
			<array/>
			<key>isa</key>
			<string>PBXShellScriptBuildPhase</string>
			<key>outputPaths</key>
			<array/>
			<key>runOnlyForDeploymentPostprocessing</key>
			<string>0</string>
			<key>shellPath</key>
			<string>/bin/sh</string>
			<key>shellScript</key>
			<string># Run the unit tests in this test bundle.
"${SYSTEM_DEVELOPER_DIR}/Tools/RunUnitTests"
</string>
		</dict>
		<key>8432F92C17AB24E4005C5B9C</key>
		<dict>
			<key>buildConfigurationList</key>
			<string>8432F93F17AB24E4005C5B9C</string>
			<key>buildPhases</key>
			<array>
				<string>8432F92817AB24E4005C5B9C</string>
				<string>8432F92917AB24E4005C5B9C</string>
				<string>8432F92A17AB24E4005C5B9C</string>
				<string>8432F92B17AB24E4005C5B9C</string>
			</array>
			<key>buildRules</key>
			<array/>
			<key>dependencies</key>
			<array>
				<string>84FFBDDD17AB30FA009CDF31</string>
				<string>84FFBDDF17AB30FA009CDF31</string>
				<string>84FFBDE117AB30FA009CDF31</string>
				<string>84FFBDE317AB30FA009CDF31</string>
			</array>
			<key>isa</key>
			<string>PBXNativeTarget</string>
			<key>name</key>
			<string>Specs</string>
			<key>productName</key>
			<string>Specs</string>
			<key>productReference</key>
			<string>8432F92D17AB24E4005C5B9C</string>
			<key>productType</key>
			<string>com.apple.product-type.bundle</string>
		</dict>
		<key>8432F92D17AB24E4005C5B9C</key>
		<dict>
			<key>explicitFileType</key>
			<string>wrapper.cfbundle</string>
			<key>includeInIndex</key>
			<string>0</string>
			<key>isa</key>
			<string>PBXFileReference</string>
			<key>path</key>
			<string>Specs.octest</string>
			<key>sourceTree</key>
			<string>BUILT_PRODUCTS_DIR</string>
		</dict>
		<key>8432F92E17AB24E4005C5B9C</key>
		<dict>
			<key>isa</key>
			<string>PBXFileReference</string>
			<key>lastKnownFileType</key>
			<string>wrapper.framework</string>
			<key>name</key>
			<string>SenTestingKit.framework</string>
			<key>path</key>
			<string>Library/Frameworks/SenTestingKit.framework</string>
			<key>sourceTree</key>
			<string>DEVELOPER_DIR</string>
		</dict>
		<key>8432F92F17AB24E4005C5B9C</key>
		<dict>
			<key>fileRef</key>
			<string>8432F92E17AB24E4005C5B9C</string>
			<key>isa</key>
			<string>PBXBuildFile</string>
		</dict>
		<key>8432F93017AB24E4005C5B9C</key>
		<dict>
			<key>fileRef</key>
			<string>8432F8D317AB1FA7005C5B9C</string>
			<key>isa</key>
			<string>PBXBuildFile</string>
		</dict>
		<key>8432F93117AB24E4005C5B9C</key>
		<dict>
			<key>fileRef</key>
			<string>8432F8CF17AB1FA7005C5B9C</string>
			<key>isa</key>
			<string>PBXBuildFile</string>
		</dict>
		<key>8432F93217AB24E4005C5B9C</key>
		<dict>
			<key>fileRef</key>
			<string>8432F8D117AB1FA7005C5B9C</string>
			<key>isa</key>
			<string>PBXBuildFile</string>
		</dict>
		<key>8432F93317AB24E4005C5B9C</key>
		<dict>
			<key>children</key>
			<array>
				<string>8432F93917AB24E4005C5B9C</string>
				<string>8432F93B17AB24E4005C5B9C</string>
				<string>8432F93417AB24E4005C5B9C</string>
			</array>
			<key>isa</key>
			<string>PBXGroup</string>
			<key>path</key>
			<string>Specs</string>
			<key>sourceTree</key>
			<string>&lt;group&gt;</string>
		</dict>
		<key>8432F93417AB24E4005C5B9C</key>
		<dict>
			<key>children</key>
			<array>
				<string>8432F93517AB24E4005C5B9C</string>
				<string>8432F93617AB24E4005C5B9C</string>
				<string>8432F93E17AB24E4005C5B9C</string>
			</array>
			<key>isa</key>
			<string>PBXGroup</string>
			<key>name</key>
			<string>Supporting Files</string>
			<key>sourceTree</key>
			<string>&lt;group&gt;</string>
		</dict>
		<key>8432F93517AB24E4005C5B9C</key>
		<dict>
			<key>isa</key>
			<string>PBXFileReference</string>
			<key>lastKnownFileType</key>
			<string>text.plist.xml</string>
			<key>path</key>
			<string>Specs-Info.plist</string>
			<key>sourceTree</key>
			<string>&lt;group&gt;</string>
		</dict>
		<key>8432F93617AB24E4005C5B9C</key>
		<dict>
			<key>children</key>
			<array>
				<string>8432F93717AB24E4005C5B9C</string>
			</array>
			<key>isa</key>
			<string>PBXVariantGroup</string>
			<key>name</key>
			<string>InfoPlist.strings</string>
			<key>sourceTree</key>
			<string>&lt;group&gt;</string>
		</dict>
		<key>8432F93717AB24E4005C5B9C</key>
		<dict>
			<key>isa</key>
			<string>PBXFileReference</string>
			<key>lastKnownFileType</key>
			<string>text.plist.strings</string>
			<key>name</key>
			<string>en</string>
			<key>path</key>
			<string>en.lproj/InfoPlist.strings</string>
			<key>sourceTree</key>
			<string>&lt;group&gt;</string>
		</dict>
		<key>8432F93817AB24E4005C5B9C</key>
		<dict>
			<key>fileRef</key>
			<string>8432F93617AB24E4005C5B9C</string>
			<key>isa</key>
			<string>PBXBuildFile</string>
		</dict>
		<key>8432F93917AB24E4005C5B9C</key>
		<dict>
			<key>isa</key>
			<string>PBXFileReference</string>
			<key>lastKnownFileType</key>
			<string>sourcecode.cpp.objcpp</string>
			<key>path</key>
			<string>ExampleSpec.mm</string>
			<key>sourceTree</key>
			<string>&lt;group&gt;</string>
		</dict>
		<key>8432F93A17AB24E4005C5B9C</key>
		<dict>
			<key>fileRef</key>
			<string>8432F93917AB24E4005C5B9C</string>
			<key>isa</key>
			<string>PBXBuildFile</string>
		</dict>
		<key>8432F93B17AB24E4005C5B9C</key>
		<dict>
			<key>isa</key>
			<string>PBXFileReference</string>
			<key>lastKnownFileType</key>
			<string>text</string>
			<key>path</key>
			<string>Rakefile</string>
			<key>sourceTree</key>
			<string>&lt;group&gt;</string>
		</dict>
		<key>8432F93E17AB24E4005C5B9C</key>
		<dict>
			<key>isa</key>
			<string>PBXFileReference</string>
			<key>lastKnownFileType</key>
			<string>sourcecode.c.h</string>
			<key>path</key>
			<string>Specs-Prefix.pch</string>
			<key>sourceTree</key>
			<string>&lt;group&gt;</string>
		</dict>
		<key>8432F93F17AB24E4005C5B9C</key>
		<dict>
			<key>buildConfigurations</key>
			<array>
				<string>8432F94017AB24E4005C5B9C</string>
				<string>8432F94117AB24E4005C5B9C</string>
			</array>
			<key>defaultConfigurationIsVisible</key>
			<string>0</string>
			<key>defaultConfigurationName</key>
			<string>Release</string>
			<key>isa</key>
			<string>XCConfigurationList</string>
		</dict>
		<key>8432F94017AB24E4005C5B9C</key>
		<dict>
			<key>buildSettings</key>
			<dict>
				<key>BUNDLE_LOADER</key>
				<string>$(BUILT_PRODUCTS_DIR)/App.app/App</string>
				<key>CLANG_ENABLE_OBJC_ARC</key>
				<string>NO</string>
				<key>FRAMEWORK_SEARCH_PATHS</key>
				<array>
					<string>$(SDKROOT)/Developer/Library/Frameworks</string>
					<string>$(DEVELOPER_LIBRARY_DIR)/Frameworks</string>
					<string>"$(SRCROOT)/Specs/Frameworks"</string>
					<string>$(SRCROOT)/Externals</string>
				</array>
				<key>GCC_PRECOMPILE_PREFIX_HEADER</key>
				<string>YES</string>
				<key>GCC_PREFIX_HEADER</key>
				<string>Specs/Specs-Prefix.pch</string>
				<key>INFOPLIST_FILE</key>
				<string>Specs/Specs-Info.plist</string>
				<key>OTHER_LDFLAGS</key>
				<array>
					<string>-ObjC</string>
					<string>-all_load</string>
					<string>-lstdc++</string>
				</array>
				<key>PRODUCT_NAME</key>
				<string>$(TARGET_NAME)</string>
				<key>TEST_HOST</key>
				<string>$(BUNDLE_LOADER)</string>
				<key>WRAPPER_EXTENSION</key>
				<string>octest</string>
			</dict>
			<key>isa</key>
			<string>XCBuildConfiguration</string>
			<key>name</key>
			<string>Debug</string>
		</dict>
		<key>8432F94117AB24E4005C5B9C</key>
		<dict>
			<key>buildSettings</key>
			<dict>
				<key>BUNDLE_LOADER</key>
				<string>$(BUILT_PRODUCTS_DIR)/App.app/App</string>
				<key>CLANG_ENABLE_OBJC_ARC</key>
				<string>NO</string>
				<key>FRAMEWORK_SEARCH_PATHS</key>
				<array>
					<string>$(SDKROOT)/Developer/Library/Frameworks</string>
					<string>$(DEVELOPER_LIBRARY_DIR)/Frameworks</string>
					<string>"$(SRCROOT)/Specs/Frameworks"</string>
					<string>$(SRCROOT)/Externals</string>
				</array>
				<key>GCC_PRECOMPILE_PREFIX_HEADER</key>
				<string>YES</string>
				<key>GCC_PREFIX_HEADER</key>
				<string>Specs/Specs-Prefix.pch</string>
				<key>INFOPLIST_FILE</key>
				<string>Specs/Specs-Info.plist</string>
				<key>OTHER_LDFLAGS</key>
				<array>
					<string>-ObjC</string>
					<string>-all_load</string>
					<string>-lstdc++</string>
				</array>
				<key>PRODUCT_NAME</key>
				<string>$(TARGET_NAME)</string>
				<key>TEST_HOST</key>
				<string>$(BUNDLE_LOADER)</string>
				<key>WRAPPER_EXTENSION</key>
				<string>octest</string>
			</dict>
			<key>isa</key>
			<string>XCBuildConfiguration</string>
			<key>name</key>
			<string>Release</string>
		</dict>
		<key>8432F95417AB2C93005C5B9C</key>
		<dict>
			<key>fileRef</key>
			<string>8432F91E17AB2446005C5B9C</string>
			<key>isa</key>
			<string>PBXBuildFile</string>
		</dict>
		<key>84FFBD9E17AB3094009CDF31</key>
		<dict>
			<key>isa</key>
			<string>PBXFileReference</string>
			<key>lastKnownFileType</key>
			<string>wrapper.pb-project</string>
			<key>name</key>
			<string>Foundation.xcodeproj</string>
			<key>path</key>
			<string>PivotalCoreKit/Foundation/Foundation.xcodeproj</string>
			<key>sourceTree</key>
			<string>&lt;group&gt;</string>
		</dict>
		<key>84FFBD9F17AB3094009CDF31</key>
		<dict>
			<key>children</key>
			<array>
				<string>84FFBDB817AB3095009CDF31</string>
				<string>84FFBDBA17AB3095009CDF31</string>
				<string>84FFBDBC17AB3095009CDF31</string>
				<string>84FFBDBE17AB3095009CDF31</string>
				<string>84FFBDC017AB3095009CDF31</string>
				<string>84FFBDC217AB3095009CDF31</string>
			</array>
			<key>isa</key>
			<string>PBXGroup</string>
			<key>name</key>
			<string>Products</string>
			<key>sourceTree</key>
			<string>&lt;group&gt;</string>
		</dict>
		<key>84FFBDA317AB3095009CDF31</key>
		<dict>
			<key>isa</key>
			<string>PBXFileReference</string>
			<key>lastKnownFileType</key>
			<string>wrapper.pb-project</string>
			<key>name</key>
			<string>UIKit.xcodeproj</string>
			<key>path</key>
			<string>PivotalCoreKit/UIKit/UIKit.xcodeproj</string>
			<key>sourceTree</key>
			<string>&lt;group&gt;</string>
		</dict>
		<key>84FFBDA417AB3095009CDF31</key>
		<dict>
			<key>children</key>
			<array>
				<string>84FFBDCA17AB3095009CDF31</string>
				<string>84FFBDCC17AB3095009CDF31</string>
				<string>84FFBDCE17AB3095009CDF31</string>
				<string>84FFBDD017AB3095009CDF31</string>
			</array>
			<key>isa</key>
			<string>PBXGroup</string>
			<key>name</key>
			<string>Products</string>
			<key>sourceTree</key>
			<string>&lt;group&gt;</string>
		</dict>
		<key>84FFBDB717AB3095009CDF31</key>
		<dict>
			<key>containerPortal</key>
			<string>84FFBD9E17AB3094009CDF31</string>
			<key>isa</key>
			<string>PBXContainerItemProxy</string>
			<key>proxyType</key>
			<string>2</string>
			<key>remoteGlobalIDString</key>
			<string>AEA96B49168B506500861DF1</string>
			<key>remoteInfo</key>
			<string>Foundation+PivotalCore</string>
		</dict>
		<key>84FFBDB817AB3095009CDF31</key>
		<dict>
			<key>fileType</key>
			<string>wrapper.framework</string>
			<key>isa</key>
			<string>PBXReferenceProxy</string>
			<key>path</key>
			<string>Foundation+PivotalCore.framework</string>
			<key>remoteRef</key>
			<string>84FFBDB717AB3095009CDF31</string>
			<key>sourceTree</key>
			<string>BUILT_PRODUCTS_DIR</string>
		</dict>
		<key>84FFBDB917AB3095009CDF31</key>
		<dict>
			<key>containerPortal</key>
			<string>84FFBD9E17AB3094009CDF31</string>
			<key>isa</key>
			<string>PBXContainerItemProxy</string>
			<key>proxyType</key>
			<string>2</string>
			<key>remoteGlobalIDString</key>
			<string>AEA96C54168B636E00861DF1</string>
			<key>remoteInfo</key>
			<string>Foundation+PivotalCore-StaticLib</string>
		</dict>
		<key>84FFBDBA17AB3095009CDF31</key>
		<dict>
			<key>fileType</key>
			<string>archive.ar</string>
			<key>isa</key>
			<string>PBXReferenceProxy</string>
			<key>path</key>
			<string>libFoundation+PivotalCore-StaticLib.a</string>
			<key>remoteRef</key>
			<string>84FFBDB917AB3095009CDF31</string>
			<key>sourceTree</key>
			<string>BUILT_PRODUCTS_DIR</string>
		</dict>
		<key>84FFBDBB17AB3095009CDF31</key>
		<dict>
			<key>containerPortal</key>
			<string>84FFBD9E17AB3094009CDF31</string>
			<key>isa</key>
			<string>PBXContainerItemProxy</string>
			<key>proxyType</key>
			<string>2</string>
			<key>remoteGlobalIDString</key>
			<string>AEA96B9E168B541900861DF1</string>
			<key>remoteInfo</key>
			<string>Foundation+PivotalSpecHelper</string>
		</dict>
		<key>84FFBDBC17AB3095009CDF31</key>
		<dict>
			<key>fileType</key>
			<string>wrapper.framework</string>
			<key>isa</key>
			<string>PBXReferenceProxy</string>
			<key>path</key>
			<string>Foundation+PivotalSpecHelper.framework</string>
			<key>remoteRef</key>
			<string>84FFBDBB17AB3095009CDF31</string>
			<key>sourceTree</key>
			<string>BUILT_PRODUCTS_DIR</string>
		</dict>
		<key>84FFBDBD17AB3095009CDF31</key>
		<dict>
			<key>containerPortal</key>
			<string>84FFBD9E17AB3094009CDF31</string>
			<key>isa</key>
			<string>PBXContainerItemProxy</string>
			<key>proxyType</key>
			<string>2</string>
			<key>remoteGlobalIDString</key>
			<string>AEA96C64168B63BD00861DF1</string>
			<key>remoteInfo</key>
			<string>Foundation+PivotalSpecHelper-StaticLib</string>
		</dict>
		<key>84FFBDBE17AB3095009CDF31</key>
		<dict>
			<key>fileType</key>
			<string>archive.ar</string>
			<key>isa</key>
			<string>PBXReferenceProxy</string>
			<key>path</key>
			<string>libFoundation+PivotalSpecHelper-StaticLib.a</string>
			<key>remoteRef</key>
			<string>84FFBDBD17AB3095009CDF31</string>
			<key>sourceTree</key>
			<string>BUILT_PRODUCTS_DIR</string>
		</dict>
		<key>84FFBDBF17AB3095009CDF31</key>
		<dict>
			<key>containerPortal</key>
			<string>84FFBD9E17AB3094009CDF31</string>
			<key>isa</key>
			<string>PBXContainerItemProxy</string>
			<key>proxyType</key>
			<string>2</string>
			<key>remoteGlobalIDString</key>
			<string>AEA96BD3168B561500861DF1</string>
			<key>remoteInfo</key>
			<string>FoundationSpec</string>
		</dict>
		<key>84FFBDC017AB3095009CDF31</key>
		<dict>
			<key>fileType</key>
			<string>compiled.mach-o.executable</string>
			<key>isa</key>
			<string>PBXReferenceProxy</string>
			<key>path</key>
			<string>FoundationSpec</string>
			<key>remoteRef</key>
			<string>84FFBDBF17AB3095009CDF31</string>
			<key>sourceTree</key>
			<string>BUILT_PRODUCTS_DIR</string>
		</dict>
		<key>84FFBDC117AB3095009CDF31</key>
		<dict>
			<key>containerPortal</key>
			<string>84FFBD9E17AB3094009CDF31</string>
			<key>isa</key>
			<string>PBXContainerItemProxy</string>
			<key>proxyType</key>
			<string>2</string>
			<key>remoteGlobalIDString</key>
			<string>AEA96C74168B640B00861DF1</string>
			<key>remoteInfo</key>
			<string>Foundation-StaticLibSpec</string>
		</dict>
		<key>84FFBDC217AB3095009CDF31</key>
		<dict>
			<key>fileType</key>
			<string>wrapper.application</string>
			<key>isa</key>
			<string>PBXReferenceProxy</string>
			<key>path</key>
			<string>Foundation-StaticLibSpec.app</string>
			<key>remoteRef</key>
			<string>84FFBDC117AB3095009CDF31</string>
			<key>sourceTree</key>
			<string>BUILT_PRODUCTS_DIR</string>
		</dict>
		<key>84FFBDC917AB3095009CDF31</key>
		<dict>
			<key>containerPortal</key>
			<string>84FFBDA317AB3095009CDF31</string>
			<key>isa</key>
			<string>PBXContainerItemProxy</string>
			<key>proxyType</key>
			<string>2</string>
			<key>remoteGlobalIDString</key>
			<string>AEBCCC24168B999F0056EE83</string>
			<key>remoteInfo</key>
			<string>UIKit+PivotalCore-StaticLib</string>
		</dict>
		<key>84FFBDCA17AB3095009CDF31</key>
		<dict>
			<key>fileType</key>
			<string>archive.ar</string>
			<key>isa</key>
			<string>PBXReferenceProxy</string>
			<key>path</key>
			<string>libUIKit+PivotalCore-StaticLib.a</string>
			<key>remoteRef</key>
			<string>84FFBDC917AB3095009CDF31</string>
			<key>sourceTree</key>
			<string>BUILT_PRODUCTS_DIR</string>
		</dict>
		<key>84FFBDCB17AB3095009CDF31</key>
		<dict>
			<key>containerPortal</key>
			<string>84FFBDA317AB3095009CDF31</string>
			<key>isa</key>
			<string>PBXContainerItemProxy</string>
			<key>proxyType</key>
			<string>2</string>
			<key>remoteGlobalIDString</key>
			<string>AEBCCC64168B9AF10056EE83</string>
			<key>remoteInfo</key>
			<string>UIKit+PivotalSpecHelper-StaticLib</string>
		</dict>
		<key>84FFBDCC17AB3095009CDF31</key>
		<dict>
			<key>fileType</key>
			<string>archive.ar</string>
			<key>isa</key>
			<string>PBXReferenceProxy</string>
			<key>path</key>
			<string>libUIKit+PivotalSpecHelper-StaticLib.a</string>
			<key>remoteRef</key>
			<string>84FFBDCB17AB3095009CDF31</string>
			<key>sourceTree</key>
			<string>BUILT_PRODUCTS_DIR</string>
		</dict>
		<key>84FFBDCD17AB3095009CDF31</key>
		<dict>
			<key>containerPortal</key>
			<string>84FFBDA317AB3095009CDF31</string>
			<key>isa</key>
			<string>PBXContainerItemProxy</string>
			<key>proxyType</key>
			<string>2</string>
			<key>remoteGlobalIDString</key>
			<string>AEC40C89174C203700474D2D</string>
			<key>remoteInfo</key>
			<string>UIKit+PivotalSpecHelperStubs-StaticLib</string>
		</dict>
		<key>84FFBDCE17AB3095009CDF31</key>
		<dict>
			<key>fileType</key>
			<string>archive.ar</string>
			<key>isa</key>
			<string>PBXReferenceProxy</string>
			<key>path</key>
			<string>libUIKit+PivotalSpecHelperStubs-StaticLib.a</string>
			<key>remoteRef</key>
			<string>84FFBDCD17AB3095009CDF31</string>
			<key>sourceTree</key>
			<string>BUILT_PRODUCTS_DIR</string>
		</dict>
		<key>84FFBDCF17AB3095009CDF31</key>
		<dict>
			<key>containerPortal</key>
			<string>84FFBDA317AB3095009CDF31</string>
			<key>isa</key>
			<string>PBXContainerItemProxy</string>
			<key>proxyType</key>
			<string>2</string>
			<key>remoteGlobalIDString</key>
			<string>AEBCCC34168B99ED0056EE83</string>
			<key>remoteInfo</key>
			<string>UIKit-StaticLibSpec</string>
		</dict>
		<key>84FFBDD017AB3095009CDF31</key>
		<dict>
			<key>fileType</key>
			<string>wrapper.application</string>
			<key>isa</key>
			<string>PBXReferenceProxy</string>
			<key>path</key>
			<string>UIKit-StaticLibSpec.app</string>
			<key>remoteRef</key>
			<string>84FFBDCF17AB3095009CDF31</string>
			<key>sourceTree</key>
			<string>BUILT_PRODUCTS_DIR</string>
		</dict>
		<key>84FFBDD117AB30A5009CDF31</key>
		<dict>
			<key>fileRef</key>
			<string>84FFBDBE17AB3095009CDF31</string>
			<key>isa</key>
			<string>PBXBuildFile</string>
		</dict>
		<key>84FFBDD217AB30A5009CDF31</key>
		<dict>
			<key>fileRef</key>
			<string>84FFBDCC17AB3095009CDF31</string>
			<key>isa</key>
			<string>PBXBuildFile</string>
		</dict>
		<key>84FFBDDC17AB30FA009CDF31</key>
		<dict>
			<key>containerPortal</key>
			<string>84FFBD9E17AB3094009CDF31</string>
			<key>isa</key>
			<string>PBXContainerItemProxy</string>
			<key>proxyType</key>
			<string>1</string>
			<key>remoteGlobalIDString</key>
			<string>AEA96C53168B636E00861DF1</string>
			<key>remoteInfo</key>
			<string>Foundation+PivotalCore-StaticLib</string>
		</dict>
		<key>84FFBDDD17AB30FA009CDF31</key>
		<dict>
			<key>isa</key>
			<string>PBXTargetDependency</string>
			<key>name</key>
			<string>Foundation+PivotalCore-StaticLib</string>
			<key>targetProxy</key>
			<string>84FFBDDC17AB30FA009CDF31</string>
		</dict>
		<key>84FFBDDE17AB30FA009CDF31</key>
		<dict>
			<key>containerPortal</key>
			<string>84FFBD9E17AB3094009CDF31</string>
			<key>isa</key>
			<string>PBXContainerItemProxy</string>
			<key>proxyType</key>
			<string>1</string>
			<key>remoteGlobalIDString</key>
			<string>AEA96C63168B63BD00861DF1</string>
			<key>remoteInfo</key>
			<string>Foundation+PivotalSpecHelper-StaticLib</string>
		</dict>
		<key>84FFBDDF17AB30FA009CDF31</key>
		<dict>
			<key>isa</key>
			<string>PBXTargetDependency</string>
			<key>name</key>
			<string>Foundation+PivotalSpecHelper-StaticLib</string>
			<key>targetProxy</key>
			<string>84FFBDDE17AB30FA009CDF31</string>
		</dict>
		<key>84FFBDE017AB30FA009CDF31</key>
		<dict>
			<key>containerPortal</key>
			<string>84FFBDA317AB3095009CDF31</string>
			<key>isa</key>
			<string>PBXContainerItemProxy</string>
			<key>proxyType</key>
			<string>1</string>
			<key>remoteGlobalIDString</key>
			<string>AEBCCC23168B999F0056EE83</string>
			<key>remoteInfo</key>
			<string>UIKit+PivotalCore-StaticLib</string>
		</dict>
		<key>84FFBDE117AB30FA009CDF31</key>
		<dict>
			<key>isa</key>
			<string>PBXTargetDependency</string>
			<key>name</key>
			<string>UIKit+PivotalCore-StaticLib</string>
			<key>targetProxy</key>
			<string>84FFBDE017AB30FA009CDF31</string>
		</dict>
		<key>84FFBDE217AB30FA009CDF31</key>
		<dict>
			<key>containerPortal</key>
			<string>84FFBDA317AB3095009CDF31</string>
			<key>isa</key>
			<string>PBXContainerItemProxy</string>
			<key>proxyType</key>
			<string>1</string>
			<key>remoteGlobalIDString</key>
			<string>AEBCCC63168B9AF10056EE83</string>
			<key>remoteInfo</key>
			<string>UIKit+PivotalSpecHelper-StaticLib</string>
		</dict>
		<key>84FFBDE317AB30FA009CDF31</key>
		<dict>
			<key>isa</key>
			<string>PBXTargetDependency</string>
			<key>name</key>
			<string>UIKit+PivotalSpecHelper-StaticLib</string>
			<key>targetProxy</key>
			<string>84FFBDE217AB30FA009CDF31</string>
		</dict>
		<key>84FFBDE417AB3105009CDF31</key>
		<dict>
			<key>containerPortal</key>
			<string>84FFBD9E17AB3094009CDF31</string>
			<key>isa</key>
			<string>PBXContainerItemProxy</string>
			<key>proxyType</key>
			<string>1</string>
			<key>remoteGlobalIDString</key>
			<string>AEA96C53168B636E00861DF1</string>
			<key>remoteInfo</key>
			<string>Foundation+PivotalCore-StaticLib</string>
		</dict>
		<key>84FFBDE517AB3105009CDF31</key>
		<dict>
			<key>isa</key>
			<string>PBXTargetDependency</string>
			<key>name</key>
			<string>Foundation+PivotalCore-StaticLib</string>
			<key>targetProxy</key>
			<string>84FFBDE417AB3105009CDF31</string>
		</dict>
		<key>84FFBDE617AB3105009CDF31</key>
		<dict>
			<key>containerPortal</key>
			<string>84FFBDA317AB3095009CDF31</string>
			<key>isa</key>
			<string>PBXContainerItemProxy</string>
			<key>proxyType</key>
			<string>1</string>
			<key>remoteGlobalIDString</key>
			<string>AEBCCC23168B999F0056EE83</string>
			<key>remoteInfo</key>
			<string>UIKit+PivotalCore-StaticLib</string>
		</dict>
		<key>84FFBDE717AB3105009CDF31</key>
		<dict>
			<key>isa</key>
			<string>PBXTargetDependency</string>
			<key>name</key>
			<string>UIKit+PivotalCore-StaticLib</string>
			<key>targetProxy</key>
			<string>84FFBDE617AB3105009CDF31</string>
		</dict>
	</dict>
	<key>rootObject</key>
	<string>8432F8C417AB1FA6005C5B9C</string>
</dict>
</plist>
